// !$*UTF8*$!
{
	archiveVersion = 1;
	classes = {
	};
	objectVersion = 77;
	objects = {

/* Begin PBXBuildFile section */
		B1A2C0DE000000000000A00D /* dev.derivation48.blaze.helper in Embed Helper */ = {isa = PBXBuildFile; fileRef = B1A2C0DE000000000000A001 /* dev.derivation48.blaze.helper */; settings = {ATTRIBUTES = (CodeSignOnCopy, ); }; };
		B1A2C0DE000000000000A010 /* dev.derivation48.blaze.helper.plist in Copy LaunchDaemon plist */ = {isa = PBXBuildFile; fileRef = B1A2C0DE000000000000A00E /* dev.derivation48.blaze.helper.plist */; };
/* End PBXBuildFile section */

/* Begin PBXContainerItemProxy section */
		B1A2C0DE000000000000A00A /* PBXContainerItemProxy */ = {
			isa = PBXContainerItemProxy;
			containerPortal = 3CFC34AD300C80F10056FC2F /* Project object */;
			proxyType = 1;
			remoteGlobalIDString = B1A2C0DE000000000000A004;
			remoteInfo = BlazeHelper;
		};
/* End PBXContainerItemProxy section */

/* Begin PBXCopyFilesBuildPhase section */
		B1A2C0DE000000000000A00C /* Embed Helper */ = {
			isa = PBXCopyFilesBuildPhase;
			buildActionMask = 2147483647;
			dstPath = "";
			dstSubfolderSpec = 6;
			files = (
				B1A2C0DE000000000000A00D /* dev.derivation48.blaze.helper in Embed Helper */,
			);
			name = "Embed Helper";
			runOnlyForDeploymentPostprocessing = 0;
		};
		B1A2C0DE000000000000A00F /* Copy LaunchDaemon plist */ = {
			isa = PBXCopyFilesBuildPhase;
			buildActionMask = 2147483647;
			dstPath = Contents/Library/LaunchDaemons;
			dstSubfolderSpec = 1;
			files = (
				B1A2C0DE000000000000A010 /* dev.derivation48.blaze.helper.plist in Copy LaunchDaemon plist */,
			);
			name = "Copy LaunchDaemon plist";
			runOnlyForDeploymentPostprocessing = 0;
		};
/* End PBXCopyFilesBuildPhase section */

/* Begin PBXFileReference section */
		3CFC34B5300C80F10056FC2F /* Blaze.app */ = {isa = PBXFileReference; explicitFileType = wrapper.application; includeInIndex = 0; path = Blaze.app; sourceTree = BUILT_PRODUCTS_DIR; };
		B1A2C0DE000000000000A001 /* dev.derivation48.blaze.helper */ = {isa = PBXFileReference; explicitFileType = "compiled.mach-o.executable"; includeInIndex = 0; path = dev.derivation48.blaze.helper; sourceTree = BUILT_PRODUCTS_DIR; };
		B1A2C0DE000000000000A00E /* dev.derivation48.blaze.helper.plist */ = {isa = PBXFileReference; lastKnownFileType = text.plist.xml; name = dev.derivation48.blaze.helper.plist; path = BlazeHelper/dev.derivation48.blaze.helper.plist; sourceTree = "<group>"; };
/* End PBXFileReference section */

/* Begin PBXFileSystemSynchronizedRootGroup section */
		3CFC34B7300C80F10056FC2F /* blaze */ = {
			isa = PBXFileSystemSynchronizedRootGroup;
			path = blaze;
			sourceTree = "<group>";
		};
		B1A2C0DE000000000000A002 /* BlazeHelper */ = {
			isa = PBXFileSystemSynchronizedRootGroup;
			path = BlazeHelper;
			sourceTree = "<group>";
		};
		B1A2C0DE000000000000A003 /* Shared */ = {
			isa = PBXFileSystemSynchronizedRootGroup;
			path = Shared;
			sourceTree = "<group>";
		};
/* End PBXFileSystemSynchronizedRootGroup section */

/* Begin PBXFrameworksBuildPhase section */
		3CFC34B2300C80F10056FC2F /* Frameworks */ = {
			isa = PBXFrameworksBuildPhase;
			buildActionMask = 2147483647;
			files = (
			);
			runOnlyForDeploymentPostprocessing = 0;
		};
		B1A2C0DE000000000000A006 /* Frameworks */ = {
			isa = PBXFrameworksBuildPhase;
			buildActionMask = 2147483647;
			files = (
			);
			runOnlyForDeploymentPostprocessing = 0;
		};
/* End PBXFrameworksBuildPhase section */

/* Begin PBXGroup section */
		3C0A8114300D444900073084 /* Recovered References */ = {
			isa = PBXGroup;
			children = (
				B1A2C0DE000000000000A00E /* dev.derivation48.blaze.helper.plist */,
			);
			name = "Recovered References";
			sourceTree = "<group>";
		};
		3CFC34AC300C80F10056FC2F = {
			isa = PBXGroup;
			children = (
				3CFC34B7300C80F10056FC2F /* blaze */,
				B1A2C0DE000000000000A003 /* Shared */,
				B1A2C0DE000000000000A002 /* BlazeHelper */,
				3CFC34B6300C80F10056FC2F /* Products */,
				3C0A8114300D444900073084 /* Recovered References */,
			);
			sourceTree = "<group>";
		};
		3CFC34B6300C80F10056FC2F /* Products */ = {
			isa = PBXGroup;
			children = (
				3CFC34B5300C80F10056FC2F /* Blaze.app */,
				B1A2C0DE000000000000A001 /* dev.derivation48.blaze.helper */,
			);
			name = Products;
			sourceTree = "<group>";
		};
/* End PBXGroup section */

/* Begin PBXNativeTarget section */
		3CFC34B4300C80F10056FC2F /* blaze */ = {
			isa = PBXNativeTarget;
			buildConfigurationList = 3CFC34C0300C80F10056FC2F /* Build configuration list for PBXNativeTarget "blaze" */;
			buildPhases = (
				3CFC34B1300C80F10056FC2F /* Sources */,
				3CFC34B2300C80F10056FC2F /* Frameworks */,
				3CFC34B3300C80F10056FC2F /* Resources */,
				B1A2C0DE000000000000A00C /* Embed Helper */,
				B1A2C0DE000000000000A00F /* Copy LaunchDaemon plist */,
			);
			buildRules = (
			);
			dependencies = (
				B1A2C0DE000000000000A00B /* PBXTargetDependency */,
			);
			fileSystemSynchronizedGroups = (
				3CFC34B7300C80F10056FC2F /* blaze */,
				B1A2C0DE000000000000A003 /* Shared */,
			);
			name = blaze;
			packageProductDependencies = (
			);
			productName = blaze;
			productReference = 3CFC34B5300C80F10056FC2F /* Blaze.app */;
			productType = "com.apple.product-type.application";
		};
		B1A2C0DE000000000000A004 /* BlazeHelper */ = {
			isa = PBXNativeTarget;
			buildConfigurationList = B1A2C0DE000000000000A007 /* Build configuration list for PBXNativeTarget "BlazeHelper" */;
			buildPhases = (
				B1A2C0DE000000000000A005 /* Sources */,
				B1A2C0DE000000000000A006 /* Frameworks */,
			);
			buildRules = (
			);
			dependencies = (
			);
			fileSystemSynchronizedGroups = (
				B1A2C0DE000000000000A002 /* BlazeHelper */,
				B1A2C0DE000000000000A003 /* Shared */,
			);
			name = BlazeHelper;
			packageProductDependencies = (
			);
			productName = BlazeHelper;
			productReference = B1A2C0DE000000000000A001 /* dev.derivation48.blaze.helper */;
			productType = "com.apple.product-type.tool";
		};
/* End PBXNativeTarget section */

/* Begin PBXProject section */
		3CFC34AD300C80F10056FC2F /* Project object */ = {
			isa = PBXProject;
			attributes = {
				BuildIndependentTargetsInParallel = 1;
				LastSwiftUpdateCheck = 2660;
				LastUpgradeCheck = 2660;
				TargetAttributes = {
					3CFC34B4300C80F10056FC2F = {
						CreatedOnToolsVersion = 26.6;
					};
				};
			};
			buildConfigurationList = 3CFC34B0300C80F10056FC2F /* Build configuration list for PBXProject "blaze" */;
			developmentRegion = en;
			hasScannedForEncodings = 0;
			knownRegions = (
				en,
				Base,
			);
			mainGroup = 3CFC34AC300C80F10056FC2F;
			minimizedProjectReferenceProxies = 1;
			preferredProjectObjectVersion = 77;
			productRefGroup = 3CFC34B6300C80F10056FC2F /* Products */;
			projectDirPath = "";
			projectRoot = "";
			targets = (
				3CFC34B4300C80F10056FC2F /* blaze */,
				B1A2C0DE000000000000A004 /* BlazeHelper */,
			);
		};
/* End PBXProject section */

/* Begin PBXResourcesBuildPhase section */
		3CFC34B3300C80F10056FC2F /* Resources */ = {
			isa = PBXResourcesBuildPhase;
			buildActionMask = 2147483647;
			files = (
			);
			runOnlyForDeploymentPostprocessing = 0;
		};
/* End PBXResourcesBuildPhase section */

/* Begin PBXSourcesBuildPhase section */
		3CFC34B1300C80F10056FC2F /* Sources */ = {
			isa = PBXSourcesBuildPhase;
			buildActionMask = 2147483647;
			files = (
			);
			runOnlyForDeploymentPostprocessing = 0;
		};
		B1A2C0DE000000000000A005 /* Sources */ = {
			isa = PBXSourcesBuildPhase;
			buildActionMask = 2147483647;
			files = (
			);
			runOnlyForDeploymentPostprocessing = 0;
		};
/* End PBXSourcesBuildPhase section */

/* Begin PBXTargetDependency section */
		B1A2C0DE000000000000A00B /* PBXTargetDependency */ = {
			isa = PBXTargetDependency;
			target = B1A2C0DE000000000000A004 /* BlazeHelper */;
			targetProxy = B1A2C0DE000000000000A00A /* PBXContainerItemProxy */;
		};
/* End PBXTargetDependency section */

/* Begin XCBuildConfiguration section */
		3CFC34BE300C80F10056FC2F /* Debug */ = {
			isa = XCBuildConfiguration;
			buildSettings = {
				ALWAYS_SEARCH_USER_PATHS = NO;
				ASSETCATALOG_COMPILER_GENERATE_SWIFT_ASSET_SYMBOL_EXTENSIONS = YES;
				CLANG_ANALYZER_NONNULL = YES;
				CLANG_ANALYZER_NUMBER_OBJECT_CONVERSION = YES_AGGRESSIVE;
				CLANG_CXX_LANGUAGE_STANDARD = "gnu++20";
				CLANG_ENABLE_MODULES = YES;
				CLANG_ENABLE_OBJC_ARC = YES;
				CLANG_ENABLE_OBJC_WEAK = YES;
				CLANG_WARN_BLOCK_CAPTURE_AUTORELEASING = YES;
				CLANG_WARN_BOOL_CONVERSION = YES;
				CLANG_WARN_COMMA = YES;
				CLANG_WARN_CONSTANT_CONVERSION = YES;
				CLANG_WARN_DEPRECATED_OBJC_IMPLEMENTATIONS = YES;
				CLANG_WARN_DIRECT_OBJC_ISA_USAGE = YES_ERROR;
				CLANG_WARN_DOCUMENTATION_COMMENTS = YES;
				CLANG_WARN_EMPTY_BODY = YES;
				CLANG_WARN_ENUM_CONVERSION = YES;
				CLANG_WARN_INFINITE_RECURSION = YES;
				CLANG_WARN_INT_CONVERSION = YES;
				CLANG_WARN_NON_LITERAL_NULL_CONVERSION = YES;
				CLANG_WARN_OBJC_IMPLICIT_RETAIN_SELF = YES;
				CLANG_WARN_OBJC_LITERAL_CONVERSION = YES;
				CLANG_WARN_OBJC_ROOT_CLASS = YES_ERROR;
				CLANG_WARN_QUOTED_INCLUDE_IN_FRAMEWORK_HEADER = YES;
				CLANG_WARN_RANGE_LOOP_ANALYSIS = YES;
				CLANG_WARN_STRICT_PROTOTYPES = YES;
				CLANG_WARN_SUSPICIOUS_MOVE = YES;
				CLANG_WARN_UNGUARDED_AVAILABILITY = YES_AGGRESSIVE;
				CLANG_WARN_UNREACHABLE_CODE = YES;
				CLANG_WARN__DUPLICATE_METHOD_MATCH = YES;
				COPY_PHASE_STRIP = NO;
				DEBUG_INFORMATION_FORMAT = dwarf;
				DEVELOPMENT_TEAM = CNXH3K5L72;
				ENABLE_STRICT_OBJC_MSGSEND = YES;
				ENABLE_TESTABILITY = YES;
				ENABLE_USER_SCRIPT_SANDBOXING = YES;
				GCC_C_LANGUAGE_STANDARD = gnu17;
				GCC_DYNAMIC_NO_PIC = NO;
				GCC_NO_COMMON_BLOCKS = YES;
				GCC_OPTIMIZATION_LEVEL = 0;
				GCC_PREPROCESSOR_DEFINITIONS = (
					"DEBUG=1",
					"$(inherited)",
				);
				GCC_WARN_64_TO_32_BIT_CONVERSION = YES;
				GCC_WARN_ABOUT_RETURN_TYPE = YES_ERROR;
				GCC_WARN_UNDECLARED_SELECTOR = YES;
				GCC_WARN_UNINITIALIZED_AUTOS = YES_AGGRESSIVE;
				GCC_WARN_UNUSED_FUNCTION = YES;
				GCC_WARN_UNUSED_VARIABLE = YES;
				LOCALIZATION_PREFERS_STRING_CATALOGS = YES;
				MACOSX_DEPLOYMENT_TARGET = 26.5;
				MTL_ENABLE_DEBUG_INFO = INCLUDE_SOURCE;
				MTL_FAST_MATH = YES;
				ONLY_ACTIVE_ARCH = YES;
				SDKROOT = macosx;
				SWIFT_ACTIVE_COMPILATION_CONDITIONS = "DEBUG $(inherited)";
				SWIFT_OPTIMIZATION_LEVEL = "-Onone";
			};
			name = Debug;
		};
		3CFC34BF300C80F10056FC2F /* Release */ = {
			isa = XCBuildConfiguration;
			buildSettings = {
				ALWAYS_SEARCH_USER_PATHS = NO;
				ASSETCATALOG_COMPILER_GENERATE_SWIFT_ASSET_SYMBOL_EXTENSIONS = YES;
				CLANG_ANALYZER_NONNULL = YES;
				CLANG_ANALYZER_NUMBER_OBJECT_CONVERSION = YES_AGGRESSIVE;
				CLANG_CXX_LANGUAGE_STANDARD = "gnu++20";
				CLANG_ENABLE_MODULES = YES;
				CLANG_ENABLE_OBJC_ARC = YES;
				CLANG_ENABLE_OBJC_WEAK = YES;
				CLANG_WARN_BLOCK_CAPTURE_AUTORELEASING = YES;
				CLANG_WARN_BOOL_CONVERSION = YES;
				CLANG_WARN_COMMA = YES;
				CLANG_WARN_CONSTANT_CONVERSION = YES;
				CLANG_WARN_DEPRECATED_OBJC_IMPLEMENTATIONS = YES;
				CLANG_WARN_DIRECT_OBJC_ISA_USAGE = YES_ERROR;
				CLANG_WARN_DOCUMENTATION_COMMENTS = YES;
				CLANG_WARN_EMPTY_BODY = YES;
				CLANG_WARN_ENUM_CONVERSION = YES;
				CLANG_WARN_INFINITE_RECURSION = YES;
				CLANG_WARN_INT_CONVERSION = YES;
				CLANG_WARN_NON_LITERAL_NULL_CONVERSION = YES;
				CLANG_WARN_OBJC_IMPLICIT_RETAIN_SELF = YES;
				CLANG_WARN_OBJC_LITERAL_CONVERSION = YES;
				CLANG_WARN_OBJC_ROOT_CLASS = YES_ERROR;
				CLANG_WARN_QUOTED_INCLUDE_IN_FRAMEWORK_HEADER = YES;
				CLANG_WARN_RANGE_LOOP_ANALYSIS = YES;
				CLANG_WARN_STRICT_PROTOTYPES = YES;
				CLANG_WARN_SUSPICIOUS_MOVE = YES;
				CLANG_WARN_UNGUARDED_AVAILABILITY = YES_AGGRESSIVE;
				CLANG_WARN_UNREACHABLE_CODE = YES;
				CLANG_WARN__DUPLICATE_METHOD_MATCH = YES;
				COPY_PHASE_STRIP = NO;
				DEBUG_INFORMATION_FORMAT = "dwarf-with-dsym";
				DEVELOPMENT_TEAM = CNXH3K5L72;
				ENABLE_NS_ASSERTIONS = NO;
				ENABLE_STRICT_OBJC_MSGSEND = YES;
				ENABLE_USER_SCRIPT_SANDBOXING = YES;
				GCC_C_LANGUAGE_STANDARD = gnu17;
				GCC_NO_COMMON_BLOCKS = YES;
				GCC_WARN_64_TO_32_BIT_CONVERSION = YES;
				GCC_WARN_ABOUT_RETURN_TYPE = YES_ERROR;
				GCC_WARN_UNDECLARED_SELECTOR = YES;
				GCC_WARN_UNINITIALIZED_AUTOS = YES_AGGRESSIVE;
				GCC_WARN_UNUSED_FUNCTION = YES;
				GCC_WARN_UNUSED_VARIABLE = YES;
				LOCALIZATION_PREFERS_STRING_CATALOGS = YES;
				MACOSX_DEPLOYMENT_TARGET = 26.5;
				MTL_ENABLE_DEBUG_INFO = NO;
				MTL_FAST_MATH = YES;
				SDKROOT = macosx;
				SWIFT_COMPILATION_MODE = wholemodule;
			};
			name = Release;
		};
		3CFC34C1300C80F10056FC2F /* Debug */ = {
			isa = XCBuildConfiguration;
			buildSettings = {
				ASSETCATALOG_COMPILER_APPICON_NAME = Blaze;
				ASSETCATALOG_COMPILER_GLOBAL_ACCENT_COLOR_NAME = AccentColor;
				CODE_SIGN_STYLE = Automatic;
				COMBINE_HIDPI_IMAGES = YES;
				CURRENT_PROJECT_VERSION = 1;
				DEVELOPMENT_TEAM = CNXH3K5L72;
				ENABLE_APP_SANDBOX = NO;
				ENABLE_HARDENED_RUNTIME = YES;
				ENABLE_PREVIEWS = YES;
				GENERATE_INFOPLIST_FILE = YES;
				INFOPLIST_KEY_CFBundleDisplayName = Blaze;
				INFOPLIST_KEY_LSApplicationCategoryType = "public.app-category.developer-tools";
				INFOPLIST_KEY_NSHumanReadableCopyright = "";
				INFOPLIST_KEY_NSRemovableVolumesUsageDescription = "Blaze writes disk images to SD cards and needs access to removable volumes.";
				LD_RUNPATH_SEARCH_PATHS = (
					"$(inherited)",
					"@executable_path/../Frameworks",
				);
				MARKETING_VERSION = 1.0;
				PRODUCT_BUNDLE_IDENTIFIER = dev.derivation48.blaze;
				PRODUCT_NAME = Blaze;
				REGISTER_APP_GROUPS = YES;
				STRING_CATALOG_GENERATE_SYMBOLS = YES;
				SWIFT_APPROACHABLE_CONCURRENCY = YES;
				SWIFT_DEFAULT_ACTOR_ISOLATION = MainActor;
				SWIFT_EMIT_LOC_STRINGS = YES;
				SWIFT_UPCOMING_FEATURE_MEMBER_IMPORT_VISIBILITY = YES;
				SWIFT_VERSION = 5.0;
			};
			name = Debug;
		};
		3CFC34C2300C80F10056FC2F /* Release */ = {
			isa = XCBuildConfiguration;
			buildSettings = {
				ASSETCATALOG_COMPILER_APPICON_NAME = Blaze;
				ASSETCATALOG_COMPILER_GLOBAL_ACCENT_COLOR_NAME = AccentColor;
				CODE_SIGN_STYLE = Automatic;
				COMBINE_HIDPI_IMAGES = YES;
				CURRENT_PROJECT_VERSION = 1;
				DEVELOPMENT_TEAM = CNXH3K5L72;
				ENABLE_APP_SANDBOX = NO;
				ENABLE_HARDENED_RUNTIME = YES;
				ENABLE_PREVIEWS = YES;
				GENERATE_INFOPLIST_FILE = YES;
				INFOPLIST_KEY_CFBundleDisplayName = Blaze;
				INFOPLIST_KEY_LSApplicationCategoryType = "public.app-category.developer-tools";
				INFOPLIST_KEY_NSHumanReadableCopyright = "";
				INFOPLIST_KEY_NSRemovableVolumesUsageDescription = "Blaze writes disk images to SD cards and needs access to removable volumes.";
				LD_RUNPATH_SEARCH_PATHS = (
					"$(inherited)",
					"@executable_path/../Frameworks",
				);
				MARKETING_VERSION = 1.0;
				PRODUCT_BUNDLE_IDENTIFIER = dev.derivation48.blaze;
				PRODUCT_NAME = Blaze;
				REGISTER_APP_GROUPS = YES;
				STRING_CATALOG_GENERATE_SYMBOLS = YES;
				SWIFT_APPROACHABLE_CONCURRENCY = YES;
				SWIFT_DEFAULT_ACTOR_ISOLATION = MainActor;
				SWIFT_EMIT_LOC_STRINGS = YES;
				SWIFT_UPCOMING_FEATURE_MEMBER_IMPORT_VISIBILITY = YES;
				SWIFT_VERSION = 5.0;
			};
			name = Release;
		};
		B1A2C0DE000000000000A008 /* Debug */ = {
			isa = XCBuildConfiguration;
			buildSettings = {
				CODE_SIGN_STYLE = Automatic;
				DEVELOPMENT_TEAM = CNXH3K5L72;
				ENABLE_HARDENED_RUNTIME = YES;
				OTHER_CODE_SIGN_FLAGS = "-i dev.derivation48.blaze.helper";
				PRODUCT_BUNDLE_IDENTIFIER = dev.derivation48.blaze.helper;
				PRODUCT_NAME = dev.derivation48.blaze.helper;
				SKIP_INSTALL = YES;
				SWIFT_VERSION = 5.0;
			};
			name = Debug;
		};
		B1A2C0DE000000000000A009 /* Release */ = {
			isa = XCBuildConfiguration;
			buildSettings = {
				CODE_SIGN_STYLE = Automatic;
				DEVELOPMENT_TEAM = CNXH3K5L72;
				ENABLE_HARDENED_RUNTIME = YES;
				OTHER_CODE_SIGN_FLAGS = "-i dev.derivation48.blaze.helper";
				PRODUCT_BUNDLE_IDENTIFIER = dev.derivation48.blaze.helper;
				PRODUCT_NAME = dev.derivation48.blaze.helper;
				SKIP_INSTALL = YES;
				SWIFT_VERSION = 5.0;
			};
			name = Release;
		};
/* End XCBuildConfiguration section */

/* Begin XCConfigurationList section */
		3CFC34B0300C80F10056FC2F /* Build configuration list for PBXProject "blaze" */ = {
			isa = XCConfigurationList;
			buildConfigurations = (
				3CFC34BE300C80F10056FC2F /* Debug */,
				3CFC34BF300C80F10056FC2F /* Release */,
			);
			defaultConfigurationIsVisible = 0;
			defaultConfigurationName = Release;
		};
		3CFC34C0300C80F10056FC2F /* Build configuration list for PBXNativeTarget "blaze" */ = {
			isa = XCConfigurationList;
			buildConfigurations = (
				3CFC34C1300C80F10056FC2F /* Debug */,
				3CFC34C2300C80F10056FC2F /* Release */,
			);
			defaultConfigurationIsVisible = 0;
			defaultConfigurationName = Release;
		};
		B1A2C0DE000000000000A007 /* Build configuration list for PBXNativeTarget "BlazeHelper" */ = {
			isa = XCConfigurationList;
			buildConfigurations = (
				B1A2C0DE000000000000A008 /* Debug */,
				B1A2C0DE000000000000A009 /* Release */,
			);
			defaultConfigurationIsVisible = 0;
			defaultConfigurationName = Release;
		};
/* End XCConfigurationList section */
	};
	rootObject = 3CFC34AD300C80F10056FC2F /* Project object */;
}
